// !$*UTF8*$!
{
	archiveVersion = 1;
	classes = {
	};
	objectVersion = 46;
	objects = {

/* Begin PBXBuildFile section */
		711FBAB81AD8146900DC8632 /* SliderViewController.m in Sources */ = {isa = PBXBuildFile; fileRef = 711FBAB71AD8146900DC8632 /* SliderViewController.m */; };
		711FBABC1AD8168A00DC8632 /* LeftViewController.m in Sources */ = {isa = PBXBuildFile; fileRef = 711FBABB1AD8168A00DC8632 /* LeftViewController.m */; };
		711FBABF1AD8169600DC8632 /* MainViewController.m in Sources */ = {isa = PBXBuildFile; fileRef = 711FBABE1AD8169600DC8632 /* MainViewController.m */; };
		71361EDD1AD8247800051EF9 /* MLTransitionAnimation.m in Sources */ = {isa = PBXBuildFile; fileRef = 71361EDA1AD8247800051EF9 /* MLTransitionAnimation.m */; };
		71361EDE1AD8247800051EF9 /* UIViewController+MLTransition.m in Sources */ = {isa = PBXBuildFile; fileRef = 71361EDC1AD8247800051EF9 /* UIViewController+MLTransition.m */; };
		71361EE01AD825C000051EF9 /* Main.storyboard in Resources */ = {isa = PBXBuildFile; fileRef = 71361EDF1AD825C000051EF9 /* Main.storyboard */; };
		7168B2BD1AE010C700FE3000 /* MyCourseTableViewCell.m in Sources */ = {isa = PBXBuildFile; fileRef = 7168B2BC1AE010C700FE3000 /* MyCourseTableViewCell.m */; };
		7168B2BF1AE014C900FE3000 /* MyCourseSection.xib in Resources */ = {isa = PBXBuildFile; fileRef = 7168B2BE1AE014C900FE3000 /* MyCourseSection.xib */; };
		716A85751AD8F78500B3FC22 /* LatestViewController.m in Sources */ = {isa = PBXBuildFile; fileRef = 716A85741AD8F78500B3FC22 /* LatestViewController.m */; };
		716A85781AD8FB7900B3FC22 /* CourseViewController.m in Sources */ = {isa = PBXBuildFile; fileRef = 716A85771AD8FB7900B3FC22 /* CourseViewController.m */; };
		716A857B1AD8FBE100B3FC22 /* CourseDetailViewController.m in Sources */ = {isa = PBXBuildFile; fileRef = 716A857A1AD8FBE100B3FC22 /* CourseDetailViewController.m */; };
		716A857E1AD9037700B3FC22 /* SettingViewController.m in Sources */ = {isa = PBXBuildFile; fileRef = 716A857D1AD9037700B3FC22 /* SettingViewController.m */; };
		716A85821AD9069700B3FC22 /* UIResponder+StoryBoard.m in Sources */ = {isa = PBXBuildFile; fileRef = 716A85811AD9069700B3FC22 /* UIResponder+StoryBoard.m */; };
		716A85851AD919EF00B3FC22 /* CourseCell.m in Sources */ = {isa = PBXBuildFile; fileRef = 716A85841AD919EF00B3FC22 /* CourseCell.m */; };
		718D30B91ADC01AB008C1D42 /* AboutViewController.m in Sources */ = {isa = PBXBuildFile; fileRef = 718D30B81ADC01AB008C1D42 /* AboutViewController.m */; };
		71A26F081ADB511D00191E67 /* STAlertView.m in Sources */ = {isa = PBXBuildFile; fileRef = 71A26F071ADB511D00191E67 /* STAlertView.m */; };
		71C04FB41ADA613E00CAA2FD /* ChangeNicknameViewController.m in Sources */ = {isa = PBXBuildFile; fileRef = 71C04FB31ADA613E00CAA2FD /* ChangeNicknameViewController.m */; };
		71C04FB81ADA79A400CAA2FD /* DownLoadViewController.m in Sources */ = {isa = PBXBuildFile; fileRef = 71C04FB71ADA79A400CAA2FD /* DownLoadViewController.m */; };
		71C04FBB1ADA7B1B00CAA2FD /* DownLoadTableViewCell.m in Sources */ = {isa = PBXBuildFile; fileRef = 71C04FBA1ADA7B1B00CAA2FD /* DownLoadTableViewCell.m */; };
		71C04FBF1ADA7CDA00CAA2FD /* MyCourseViewController.m in Sources */ = {isa = PBXBuildFile; fileRef = 71C04FBE1ADA7CDA00CAA2FD /* MyCourseViewController.m */; };
		71C04FC31ADA7E8B00CAA2FD /* MyCollectionViewController.m in Sources */ = {isa = PBXBuildFile; fileRef = 71C04FC21ADA7E8B00CAA2FD /* MyCollectionViewController.m */; };
		71C04FC61ADA7EF200CAA2FD /* CustomerServiceViewController.m in Sources */ = {isa = PBXBuildFile; fileRef = 71C04FC51ADA7EF200CAA2FD /* CustomerServiceViewController.m */; };
		71C04FC91ADA801D00CAA2FD /* RecommendViewController.m in Sources */ = {isa = PBXBuildFile; fileRef = 71C04FC81ADA801D00CAA2FD /* RecommendViewController.m */; };
		71C334FA1AE695E6007C29D6 /* MainBaseViewController.m in Sources */ = {isa = PBXBuildFile; fileRef = 71C334F91AE695E6007C29D6 /* MainBaseViewController.m */; };
		71C8FBC21AD934EF00F45CF1 /* CourseTableViewCell.m in Sources */ = {isa = PBXBuildFile; fileRef = 71C8FBC01AD934EF00F45CF1 /* CourseTableViewCell.m */; };
		71C8FBC31AD934EF00F45CF1 /* CourseTableViewCell.xib in Resources */ = {isa = PBXBuildFile; fileRef = 71C8FBC11AD934EF00F45CF1 /* CourseTableViewCell.xib */; };
		BA971AE71ADA6B8C00C06A68 /* ChangPasswordViewController.m in Sources */ = {isa = PBXBuildFile; fileRef = BA971AE61ADA6B8C00C06A68 /* ChangPasswordViewController.m */; };
		BB62FD6D1ADE2EC500B7B7A6 /* VideoPlayerViewController.m in Sources */ = {isa = PBXBuildFile; fileRef = BB62FD6C1ADE2EC500B7B7A6 /* VideoPlayerViewController.m */; };
		BB62FD711ADE30FA00B7B7A6 /* LoginViewController.m in Sources */ = {isa = PBXBuildFile; fileRef = BB62FD701ADE30FA00B7B7A6 /* LoginViewController.m */; };
		BB62FD731ADE346000B7B7A6 /* loginView.xib in Resources */ = {isa = PBXBuildFile; fileRef = BB62FD721ADE346000B7B7A6 /* loginView.xib */; };
		BB62FD791ADE371000B7B7A6 /* StartViewController.m in Sources */ = {isa = PBXBuildFile; fileRef = BB62FD781ADE371000B7B7A6 /* StartViewController.m */; };
		BBD647051AE0D19400253851 /* CommentTableViewCell.m in Sources */ = {isa = PBXBuildFile; fileRef = BBD647031AE0D19400253851 /* CommentTableViewCell.m */; };
		BBD647061AE0D19400253851 /* CommentTableViewCell.xib in Resources */ = {isa = PBXBuildFile; fileRef = BBD647041AE0D19400253851 /* CommentTableViewCell.xib */; };
		BBE16ED41AD7AC8B000B150D /* main.m in Sources */ = {isa = PBXBuildFile; fileRef = BBE16ED31AD7AC8B000B150D /* main.m */; };
		BBE16ED71AD7AC8B000B150D /* AppDelegate.m in Sources */ = {isa = PBXBuildFile; fileRef = BBE16ED61AD7AC8B000B150D /* AppDelegate.m */; };
		BBE16EDF1AD7AC8B000B150D /* Images.xcassets in Resources */ = {isa = PBXBuildFile; fileRef = BBE16EDE1AD7AC8B000B150D /* Images.xcassets */; };
		BBE16EEE1AD7AC8B000B150D /* JXOnlineSchoolTests.m in Sources */ = {isa = PBXBuildFile; fileRef = BBE16EED1AD7AC8B000B150D /* JXOnlineSchoolTests.m */; };
		BBE16EF91AD7ADDF000B150D /* readme in Resources */ = {isa = PBXBuildFile; fileRef = BBE16EF81AD7ADDF000B150D /* readme */; };
		BBE16F021AD7AF75000B150D /* UIViewController+Appearence.m in Sources */ = {isa = PBXBuildFile; fileRef = BBE16F011AD7AF75000B150D /* UIViewController+Appearence.m */; };
		BBE16F061AD7AFA9000B150D /* JXBaseViewController.m in Sources */ = {isa = PBXBuildFile; fileRef = BBE16F051AD7AFA9000B150D /* JXBaseViewController.m */; };
		BBE7F4431AE6153A008A3ED6 /* RegisterViewController.m in Sources */ = {isa = PBXBuildFile; fileRef = BBE7F4421AE6153A008A3ED6 /* RegisterViewController.m */; };
		BBE7F4461AE61557008A3ED6 /* PayViewController.m in Sources */ = {isa = PBXBuildFile; fileRef = BBE7F4451AE61557008A3ED6 /* PayViewController.m */; };
		BBFB97F31AE6596B00E93D23 /* SearchController.m in Sources */ = {isa = PBXBuildFile; fileRef = BBFB97F21AE6596B00E93D23 /* SearchController.m */; };
/* End PBXBuildFile section */

/* Begin PBXContainerItemProxy section */
		BBE16EE81AD7AC8B000B150D /* PBXContainerItemProxy */ = {
			isa = PBXContainerItemProxy;
			containerPortal = BBE16EC61AD7AC8B000B150D /* Project object */;
			proxyType = 1;
			remoteGlobalIDString = BBE16ECD1AD7AC8B000B150D;
			remoteInfo = JXOnlineSchool;
		};
/* End PBXContainerItemProxy section */

/* Begin PBXFileReference section */
		711FBAB61AD8146900DC8632 /* SliderViewController.h */ = {isa = PBXFileReference; fileEncoding = 4; lastKnownFileType = sourcecode.c.h; path = SliderViewController.h; sourceTree = "<group>"; };
		711FBAB71AD8146900DC8632 /* SliderViewController.m */ = {isa = PBXFileReference; fileEncoding = 4; lastKnownFileType = sourcecode.c.objc; path = SliderViewController.m; sourceTree = "<group>"; };
		711FBABA1AD8168A00DC8632 /* LeftViewController.h */ = {isa = PBXFileReference; fileEncoding = 4; lastKnownFileType = sourcecode.c.h; path = LeftViewController.h; sourceTree = "<group>"; };
		711FBABB1AD8168A00DC8632 /* LeftViewController.m */ = {isa = PBXFileReference; fileEncoding = 4; lastKnownFileType = sourcecode.c.objc; path = LeftViewController.m; sourceTree = "<group>"; };
		711FBABD1AD8169600DC8632 /* MainViewController.h */ = {isa = PBXFileReference; fileEncoding = 4; lastKnownFileType = sourcecode.c.h; path = MainViewController.h; sourceTree = "<group>"; };
		711FBABE1AD8169600DC8632 /* MainViewController.m */ = {isa = PBXFileReference; fileEncoding = 4; lastKnownFileType = sourcecode.c.objc; path = MainViewController.m; sourceTree = "<group>"; };
		71361ED91AD8247800051EF9 /* MLTransitionAnimation.h */ = {isa = PBXFileReference; fileEncoding = 4; lastKnownFileType = sourcecode.c.h; path = MLTransitionAnimation.h; sourceTree = "<group>"; };
		71361EDA1AD8247800051EF9 /* MLTransitionAnimation.m */ = {isa = PBXFileReference; fileEncoding = 4; lastKnownFileType = sourcecode.c.objc; path = MLTransitionAnimation.m; sourceTree = "<group>"; };
		71361EDB1AD8247800051EF9 /* UIViewController+MLTransition.h */ = {isa = PBXFileReference; fileEncoding = 4; lastKnownFileType = sourcecode.c.h; path = "UIViewController+MLTransition.h"; sourceTree = "<group>"; };
		71361EDC1AD8247800051EF9 /* UIViewController+MLTransition.m */ = {isa = PBXFileReference; fileEncoding = 4; lastKnownFileType = sourcecode.c.objc; path = "UIViewController+MLTransition.m"; sourceTree = "<group>"; };
		71361EDF1AD825C000051EF9 /* Main.storyboard */ = {isa = PBXFileReference; fileEncoding = 4; lastKnownFileType = file.storyboard; path = Main.storyboard; sourceTree = "<group>"; };
		7168B2BB1AE010C700FE3000 /* MyCourseTableViewCell.h */ = {isa = PBXFileReference; fileEncoding = 4; lastKnownFileType = sourcecode.c.h; path = MyCourseTableViewCell.h; sourceTree = "<group>"; };
		7168B2BC1AE010C700FE3000 /* MyCourseTableViewCell.m */ = {isa = PBXFileReference; fileEncoding = 4; lastKnownFileType = sourcecode.c.objc; path = MyCourseTableViewCell.m; sourceTree = "<group>"; };
		7168B2BE1AE014C900FE3000 /* MyCourseSection.xib */ = {isa = PBXFileReference; fileEncoding = 4; lastKnownFileType = file.xib; path = MyCourseSection.xib; sourceTree = "<group>"; };
		716A85731AD8F78500B3FC22 /* LatestViewController.h */ = {isa = PBXFileReference; fileEncoding = 4; lastKnownFileType = sourcecode.c.h; path = LatestViewController.h; sourceTree = "<group>"; };
		716A85741AD8F78500B3FC22 /* LatestViewController.m */ = {isa = PBXFileReference; fileEncoding = 4; lastKnownFileType = sourcecode.c.objc; path = LatestViewController.m; sourceTree = "<group>"; };
		716A85761AD8FB7900B3FC22 /* CourseViewController.h */ = {isa = PBXFileReference; fileEncoding = 4; lastKnownFileType = sourcecode.c.h; path = CourseViewController.h; sourceTree = "<group>"; };
		716A85771AD8FB7900B3FC22 /* CourseViewController.m */ = {isa = PBXFileReference; fileEncoding = 4; lastKnownFileType = sourcecode.c.objc; path = CourseViewController.m; sourceTree = "<group>"; };
		716A85791AD8FBE100B3FC22 /* CourseDetailViewController.h */ = {isa = PBXFileReference; fileEncoding = 4; lastKnownFileType = sourcecode.c.h; path = CourseDetailViewController.h; sourceTree = "<group>"; };
		716A857A1AD8FBE100B3FC22 /* CourseDetailViewController.m */ = {isa = PBXFileReference; fileEncoding = 4; lastKnownFileType = sourcecode.c.objc; path = CourseDetailViewController.m; sourceTree = "<group>"; };
		716A857C1AD9037700B3FC22 /* SettingViewController.h */ = {isa = PBXFileReference; fileEncoding = 4; lastKnownFileType = sourcecode.c.h; path = SettingViewController.h; sourceTree = "<group>"; };
		716A857D1AD9037700B3FC22 /* SettingViewController.m */ = {isa = PBXFileReference; fileEncoding = 4; lastKnownFileType = sourcecode.c.objc; path = SettingViewController.m; sourceTree = "<group>"; };
		716A85801AD9069700B3FC22 /* UIResponder+StoryBoard.h */ = {isa = PBXFileReference; fileEncoding = 4; lastKnownFileType = sourcecode.c.h; path = "UIResponder+StoryBoard.h"; sourceTree = "<group>"; };
		716A85811AD9069700B3FC22 /* UIResponder+StoryBoard.m */ = {isa = PBXFileReference; fileEncoding = 4; lastKnownFileType = sourcecode.c.objc; path = "UIResponder+StoryBoard.m"; sourceTree = "<group>"; };
		716A85831AD919EF00B3FC22 /* CourseCell.h */ = {isa = PBXFileReference; fileEncoding = 4; lastKnownFileType = sourcecode.c.h; path = CourseCell.h; sourceTree = "<group>"; };
		716A85841AD919EF00B3FC22 /* CourseCell.m */ = {isa = PBXFileReference; fileEncoding = 4; lastKnownFileType = sourcecode.c.objc; path = CourseCell.m; sourceTree = "<group>"; };
		718D30B71ADC01AB008C1D42 /* AboutViewController.h */ = {isa = PBXFileReference; fileEncoding = 4; lastKnownFileType = sourcecode.c.h; path = AboutViewController.h; sourceTree = "<group>"; };
		718D30B81ADC01AB008C1D42 /* AboutViewController.m */ = {isa = PBXFileReference; fileEncoding = 4; lastKnownFileType = sourcecode.c.objc; path = AboutViewController.m; sourceTree = "<group>"; };
		71A26F061ADB511D00191E67 /* STAlertView.h */ = {isa = PBXFileReference; fileEncoding = 4; lastKnownFileType = sourcecode.c.h; path = STAlertView.h; sourceTree = "<group>"; };
		71A26F071ADB511D00191E67 /* STAlertView.m */ = {isa = PBXFileReference; fileEncoding = 4; lastKnownFileType = sourcecode.c.objc; path = STAlertView.m; sourceTree = "<group>"; };
		71C04FB21ADA613E00CAA2FD /* ChangeNicknameViewController.h */ = {isa = PBXFileReference; fileEncoding = 4; lastKnownFileType = sourcecode.c.h; path = ChangeNicknameViewController.h; sourceTree = "<group>"; };
		71C04FB31ADA613E00CAA2FD /* ChangeNicknameViewController.m */ = {isa = PBXFileReference; fileEncoding = 4; lastKnownFileType = sourcecode.c.objc; path = ChangeNicknameViewController.m; sourceTree = "<group>"; };
		71C04FB61ADA79A400CAA2FD /* DownLoadViewController.h */ = {isa = PBXFileReference; fileEncoding = 4; lastKnownFileType = sourcecode.c.h; path = DownLoadViewController.h; sourceTree = "<group>"; };
		71C04FB71ADA79A400CAA2FD /* DownLoadViewController.m */ = {isa = PBXFileReference; fileEncoding = 4; lastKnownFileType = sourcecode.c.objc; path = DownLoadViewController.m; sourceTree = "<group>"; };
		71C04FB91ADA7B1B00CAA2FD /* DownLoadTableViewCell.h */ = {isa = PBXFileReference; fileEncoding = 4; lastKnownFileType = sourcecode.c.h; path = DownLoadTableViewCell.h; sourceTree = "<group>"; };
		71C04FBA1ADA7B1B00CAA2FD /* DownLoadTableViewCell.m */ = {isa = PBXFileReference; fileEncoding = 4; lastKnownFileType = sourcecode.c.objc; path = DownLoadTableViewCell.m; sourceTree = "<group>"; };
		71C04FBD1ADA7CDA00CAA2FD /* MyCourseViewController.h */ = {isa = PBXFileReference; fileEncoding = 4; lastKnownFileType = sourcecode.c.h; path = MyCourseViewController.h; sourceTree = "<group>"; };
		71C04FBE1ADA7CDA00CAA2FD /* MyCourseViewController.m */ = {isa = PBXFileReference; fileEncoding = 4; lastKnownFileType = sourcecode.c.objc; path = MyCourseViewController.m; sourceTree = "<group>"; };
		71C04FC11ADA7E8B00CAA2FD /* MyCollectionViewController.h */ = {isa = PBXFileReference; fileEncoding = 4; lastKnownFileType = sourcecode.c.h; path = MyCollectionViewController.h; sourceTree = "<group>"; };
		71C04FC21ADA7E8B00CAA2FD /* MyCollectionViewController.m */ = {isa = PBXFileReference; fileEncoding = 4; lastKnownFileType = sourcecode.c.objc; path = MyCollectionViewController.m; sourceTree = "<group>"; };
		71C04FC41ADA7EF200CAA2FD /* CustomerServiceViewController.h */ = {isa = PBXFileReference; fileEncoding = 4; lastKnownFileType = sourcecode.c.h; path = CustomerServiceViewController.h; sourceTree = "<group>"; };
		71C04FC51ADA7EF200CAA2FD /* CustomerServiceViewController.m */ = {isa = PBXFileReference; fileEncoding = 4; lastKnownFileType = sourcecode.c.objc; path = CustomerServiceViewController.m; sourceTree = "<group>"; };
		71C04FC71ADA801D00CAA2FD /* RecommendViewController.h */ = {isa = PBXFileReference; fileEncoding = 4; lastKnownFileType = sourcecode.c.h; path = RecommendViewController.h; sourceTree = "<group>"; };
		71C04FC81ADA801D00CAA2FD /* RecommendViewController.m */ = {isa = PBXFileReference; fileEncoding = 4; lastKnownFileType = sourcecode.c.objc; path = RecommendViewController.m; sourceTree = "<group>"; };
		71C334F81AE695E6007C29D6 /* MainBaseViewController.h */ = {isa = PBXFileReference; fileEncoding = 4; lastKnownFileType = sourcecode.c.h; path = MainBaseViewController.h; sourceTree = "<group>"; };
		71C334F91AE695E6007C29D6 /* MainBaseViewController.m */ = {isa = PBXFileReference; fileEncoding = 4; lastKnownFileType = sourcecode.c.objc; path = MainBaseViewController.m; sourceTree = "<group>"; };
		71C8FBBF1AD934EF00F45CF1 /* CourseTableViewCell.h */ = {isa = PBXFileReference; fileEncoding = 4; lastKnownFileType = sourcecode.c.h; path = CourseTableViewCell.h; sourceTree = "<group>"; };
		71C8FBC01AD934EF00F45CF1 /* CourseTableViewCell.m */ = {isa = PBXFileReference; fileEncoding = 4; lastKnownFileType = sourcecode.c.objc; path = CourseTableViewCell.m; sourceTree = "<group>"; };
		71C8FBC11AD934EF00F45CF1 /* CourseTableViewCell.xib */ = {isa = PBXFileReference; fileEncoding = 4; lastKnownFileType = file.xib; path = CourseTableViewCell.xib; sourceTree = "<group>"; };
		BA971AE51ADA6B8C00C06A68 /* ChangPasswordViewController.h */ = {isa = PBXFileReference; fileEncoding = 4; lastKnownFileType = sourcecode.c.h; path = ChangPasswordViewController.h; sourceTree = "<group>"; };
		BA971AE61ADA6B8C00C06A68 /* ChangPasswordViewController.m */ = {isa = PBXFileReference; fileEncoding = 4; lastKnownFileType = sourcecode.c.objc; path = ChangPasswordViewController.m; sourceTree = "<group>"; };
		BB62FD6B1ADE2EC500B7B7A6 /* VideoPlayerViewController.h */ = {isa = PBXFileReference; fileEncoding = 4; lastKnownFileType = sourcecode.c.h; path = VideoPlayerViewController.h; sourceTree = "<group>"; };
		BB62FD6C1ADE2EC500B7B7A6 /* VideoPlayerViewController.m */ = {isa = PBXFileReference; fileEncoding = 4; lastKnownFileType = sourcecode.c.objc; path = VideoPlayerViewController.m; sourceTree = "<group>"; };
		BB62FD6F1ADE30FA00B7B7A6 /* LoginViewController.h */ = {isa = PBXFileReference; fileEncoding = 4; lastKnownFileType = sourcecode.c.h; path = LoginViewController.h; sourceTree = "<group>"; };
		BB62FD701ADE30FA00B7B7A6 /* LoginViewController.m */ = {isa = PBXFileReference; fileEncoding = 4; lastKnownFileType = sourcecode.c.objc; path = LoginViewController.m; sourceTree = "<group>"; };
		BB62FD721ADE346000B7B7A6 /* loginView.xib */ = {isa = PBXFileReference; fileEncoding = 4; lastKnownFileType = file.xib; path = loginView.xib; sourceTree = "<group>"; };
		BB62FD771ADE371000B7B7A6 /* StartViewController.h */ = {isa = PBXFileReference; fileEncoding = 4; lastKnownFileType = sourcecode.c.h; path = StartViewController.h; sourceTree = "<group>"; };
		BB62FD781ADE371000B7B7A6 /* StartViewController.m */ = {isa = PBXFileReference; fileEncoding = 4; lastKnownFileType = sourcecode.c.objc; path = StartViewController.m; sourceTree = "<group>"; };
		BBD647021AE0D19400253851 /* CommentTableViewCell.h */ = {isa = PBXFileReference; fileEncoding = 4; lastKnownFileType = sourcecode.c.h; path = CommentTableViewCell.h; sourceTree = "<group>"; };
		BBD647031AE0D19400253851 /* CommentTableViewCell.m */ = {isa = PBXFileReference; fileEncoding = 4; lastKnownFileType = sourcecode.c.objc; path = CommentTableViewCell.m; sourceTree = "<group>"; };
		BBD647041AE0D19400253851 /* CommentTableViewCell.xib */ = {isa = PBXFileReference; fileEncoding = 4; lastKnownFileType = file.xib; path = CommentTableViewCell.xib; sourceTree = "<group>"; };
		BBE16ECE1AD7AC8B000B150D /* JXOnlineSchool.app */ = {isa = PBXFileReference; explicitFileType = wrapper.application; includeInIndex = 0; path = JXOnlineSchool.app; sourceTree = BUILT_PRODUCTS_DIR; };
		BBE16ED21AD7AC8B000B150D /* Info.plist */ = {isa = PBXFileReference; lastKnownFileType = text.plist.xml; path = Info.plist; sourceTree = "<group>"; };
		BBE16ED31AD7AC8B000B150D /* main.m */ = {isa = PBXFileReference; lastKnownFileType = sourcecode.c.objc; path = main.m; sourceTree = "<group>"; };
		BBE16ED51AD7AC8B000B150D /* AppDelegate.h */ = {isa = PBXFileReference; lastKnownFileType = sourcecode.c.h; path = AppDelegate.h; sourceTree = "<group>"; };
		BBE16ED61AD7AC8B000B150D /* AppDelegate.m */ = {isa = PBXFileReference; lastKnownFileType = sourcecode.c.objc; path = AppDelegate.m; sourceTree = "<group>"; };
		BBE16EDE1AD7AC8B000B150D /* Images.xcassets */ = {isa = PBXFileReference; lastKnownFileType = folder.assetcatalog; path = Images.xcassets; sourceTree = "<group>"; };
		BBE16EE71AD7AC8B000B150D /* JXOnlineSchoolTests.xctest */ = {isa = PBXFileReference; explicitFileType = wrapper.cfbundle; includeInIndex = 0; path = JXOnlineSchoolTests.xctest; sourceTree = BUILT_PRODUCTS_DIR; };
		BBE16EEC1AD7AC8B000B150D /* Info.plist */ = {isa = PBXFileReference; lastKnownFileType = text.plist.xml; path = Info.plist; sourceTree = "<group>"; };
		BBE16EED1AD7AC8B000B150D /* JXOnlineSchoolTests.m */ = {isa = PBXFileReference; lastKnownFileType = sourcecode.c.objc; path = JXOnlineSchoolTests.m; sourceTree = "<group>"; };
		BBE16EF71AD7ADDF000B150D /* Define.h */ = {isa = PBXFileReference; fileEncoding = 4; lastKnownFileType = sourcecode.c.h; path = Define.h; sourceTree = "<group>"; };
		BBE16EF81AD7ADDF000B150D /* readme */ = {isa = PBXFileReference; fileEncoding = 4; lastKnownFileType = text; name = readme; path = JXOnlineSchool/readme; sourceTree = "<group>"; };
		BBE16F001AD7AF75000B150D /* UIViewController+Appearence.h */ = {isa = PBXFileReference; fileEncoding = 4; lastKnownFileType = sourcecode.c.h; path = "UIViewController+Appearence.h"; sourceTree = "<group>"; };
		BBE16F011AD7AF75000B150D /* UIViewController+Appearence.m */ = {isa = PBXFileReference; fileEncoding = 4; lastKnownFileType = sourcecode.c.objc; path = "UIViewController+Appearence.m"; sourceTree = "<group>"; };
		BBE16F041AD7AFA9000B150D /* JXBaseViewController.h */ = {isa = PBXFileReference; fileEncoding = 4; lastKnownFileType = sourcecode.c.h; path = JXBaseViewController.h; sourceTree = "<group>"; };
		BBE16F051AD7AFA9000B150D /* JXBaseViewController.m */ = {isa = PBXFileReference; fileEncoding = 4; lastKnownFileType = sourcecode.c.objc; path = JXBaseViewController.m; sourceTree = "<group>"; };
		BBE7F4411AE6153A008A3ED6 /* RegisterViewController.h */ = {isa = PBXFileReference; fileEncoding = 4; lastKnownFileType = sourcecode.c.h; path = RegisterViewController.h; sourceTree = "<group>"; };
		BBE7F4421AE6153A008A3ED6 /* RegisterViewController.m */ = {isa = PBXFileReference; fileEncoding = 4; lastKnownFileType = sourcecode.c.objc; path = RegisterViewController.m; sourceTree = "<group>"; };
		BBE7F4441AE61557008A3ED6 /* PayViewController.h */ = {isa = PBXFileReference; fileEncoding = 4; lastKnownFileType = sourcecode.c.h; path = PayViewController.h; sourceTree = "<group>"; };
		BBE7F4451AE61557008A3ED6 /* PayViewController.m */ = {isa = PBXFileReference; fileEncoding = 4; lastKnownFileType = sourcecode.c.objc; path = PayViewController.m; sourceTree = "<group>"; };
		BBFB97F11AE6596B00E93D23 /* SearchController.h */ = {isa = PBXFileReference; fileEncoding = 4; lastKnownFileType = sourcecode.c.h; path = SearchController.h; sourceTree = "<group>"; };
		BBFB97F21AE6596B00E93D23 /* SearchController.m */ = {isa = PBXFileReference; fileEncoding = 4; lastKnownFileType = sourcecode.c.objc; path = SearchController.m; sourceTree = "<group>"; };
/* End PBXFileReference section */

/* Begin PBXFrameworksBuildPhase section */
		BBE16ECB1AD7AC8B000B150D /* Frameworks */ = {
			isa = PBXFrameworksBuildPhase;
			buildActionMask = 2147483647;
			files = (
			);
			runOnlyForDeploymentPostprocessing = 0;
		};
		BBE16EE41AD7AC8B000B150D /* Frameworks */ = {
			isa = PBXFrameworksBuildPhase;
			buildActionMask = 2147483647;
			files = (
			);
			runOnlyForDeploymentPostprocessing = 0;
		};
/* End PBXFrameworksBuildPhase section */

/* Begin PBXGroup section */
		711FBAB51AD8143D00DC8632 /* SliderViewController */ = {
			isa = PBXGroup;
			children = (
				711FBAB61AD8146900DC8632 /* SliderViewController.h */,
				711FBAB71AD8146900DC8632 /* SliderViewController.m */,
			);
			name = SliderViewController;
			sourceTree = "<group>";
		};
		711FBAB91AD8166F00DC8632 /* Main */ = {
			isa = PBXGroup;
			children = (
				711FBABD1AD8169600DC8632 /* MainViewController.h */,
				711FBABE1AD8169600DC8632 /* MainViewController.m */,
				716A85731AD8F78500B3FC22 /* LatestViewController.h */,
				716A85741AD8F78500B3FC22 /* LatestViewController.m */,
				716A85761AD8FB7900B3FC22 /* CourseViewController.h */,
				716A85771AD8FB7900B3FC22 /* CourseViewController.m */,
				716A85791AD8FBE100B3FC22 /* CourseDetailViewController.h */,
				716A857A1AD8FBE100B3FC22 /* CourseDetailViewController.m */,
				716A85831AD919EF00B3FC22 /* CourseCell.h */,
				716A85841AD919EF00B3FC22 /* CourseCell.m */,
				71C8FBBF1AD934EF00F45CF1 /* CourseTableViewCell.h */,
				71C8FBC01AD934EF00F45CF1 /* CourseTableViewCell.m */,
				71C8FBC11AD934EF00F45CF1 /* CourseTableViewCell.xib */,
				BBE7F4441AE61557008A3ED6 /* PayViewController.h */,
				BBE7F4451AE61557008A3ED6 /* PayViewController.m */,
				71C334F81AE695E6007C29D6 /* MainBaseViewController.h */,
				71C334F91AE695E6007C29D6 /* MainBaseViewController.m */,
			);
			name = Main;
			sourceTree = "<group>";
		};
		711FBAC61AD81A5500DC8632 /* MLTransition */ = {
			isa = PBXGroup;
			children = (
				71361ED91AD8247800051EF9 /* MLTransitionAnimation.h */,
				71361EDA1AD8247800051EF9 /* MLTransitionAnimation.m */,
				71361EDB1AD8247800051EF9 /* UIViewController+MLTransition.h */,
				71361EDC1AD8247800051EF9 /* UIViewController+MLTransition.m */,
			);
			name = MLTransition;
			sourceTree = "<group>";
		};
		71A26F051ADB50E400191E67 /* STAlertView */ = {
			isa = PBXGroup;
			children = (
				71A26F061ADB511D00191E67 /* STAlertView.h */,
				71A26F071ADB511D00191E67 /* STAlertView.m */,
			);
			name = STAlertView;
			sourceTree = "<group>";
		};
		71C04FB11ADA60E300CAA2FD /* Setting */ = {
			isa = PBXGroup;
			children = (
				716A857C1AD9037700B3FC22 /* SettingViewController.h */,
				716A857D1AD9037700B3FC22 /* SettingViewController.m */,
				71C04FB21ADA613E00CAA2FD /* ChangeNicknameViewController.h */,
				71C04FB31ADA613E00CAA2FD /* ChangeNicknameViewController.m */,
				BA971AE51ADA6B8C00C06A68 /* ChangPasswordViewController.h */,
				BA971AE61ADA6B8C00C06A68 /* ChangPasswordViewController.m */,
				718D30B71ADC01AB008C1D42 /* AboutViewController.h */,
				718D30B81ADC01AB008C1D42 /* AboutViewController.m */,
			);
			name = Setting;
			sourceTree = "<group>";
		};
		71C04FC01ADA7E1600CAA2FD /* Left */ = {
			isa = PBXGroup;
			children = (
				711FBABA1AD8168A00DC8632 /* LeftViewController.h */,
				711FBABB1AD8168A00DC8632 /* LeftViewController.m */,
				71C04FB91ADA7B1B00CAA2FD /* DownLoadTableViewCell.h */,
				71C04FBA1ADA7B1B00CAA2FD /* DownLoadTableViewCell.m */,
				71C04FB61ADA79A400CAA2FD /* DownLoadViewController.h */,
				71C04FB71ADA79A400CAA2FD /* DownLoadViewController.m */,
				71C04FBD1ADA7CDA00CAA2FD /* MyCourseViewController.h */,
				71C04FBE1ADA7CDA00CAA2FD /* MyCourseViewController.m */,
				71C04FC11ADA7E8B00CAA2FD /* MyCollectionViewController.h */,
				71C04FC21ADA7E8B00CAA2FD /* MyCollectionViewController.m */,
				71C04FC41ADA7EF200CAA2FD /* CustomerServiceViewController.h */,
				71C04FC51ADA7EF200CAA2FD /* CustomerServiceViewController.m */,
				71C04FC71ADA801D00CAA2FD /* RecommendViewController.h */,
				71C04FC81ADA801D00CAA2FD /* RecommendViewController.m */,
				7168B2BB1AE010C700FE3000 /* MyCourseTableViewCell.h */,
				7168B2BC1AE010C700FE3000 /* MyCourseTableViewCell.m */,
				7168B2BE1AE014C900FE3000 /* MyCourseSection.xib */,
				BBD647021AE0D19400253851 /* CommentTableViewCell.h */,
				BBD647031AE0D19400253851 /* CommentTableViewCell.m */,
				BBD647041AE0D19400253851 /* CommentTableViewCell.xib */,
			);
			name = Left;
			sourceTree = "<group>";
		};
		BB62FD6A1ADE2E9000B7B7A6 /* Vedio */ = {
			isa = PBXGroup;
			children = (
				BB62FD6B1ADE2EC500B7B7A6 /* VideoPlayerViewController.h */,
				BB62FD6C1ADE2EC500B7B7A6 /* VideoPlayerViewController.m */,
			);
			name = Vedio;
			sourceTree = "<group>";
		};
		BB62FD6E1ADE30EA00B7B7A6 /* Login */ = {
			isa = PBXGroup;
			children = (
				BB62FD6F1ADE30FA00B7B7A6 /* LoginViewController.h */,
				BB62FD701ADE30FA00B7B7A6 /* LoginViewController.m */,
				BB62FD721ADE346000B7B7A6 /* loginView.xib */,
				BB62FD771ADE371000B7B7A6 /* StartViewController.h */,
				BB62FD781ADE371000B7B7A6 /* StartViewController.m */,
				BBE7F4411AE6153A008A3ED6 /* RegisterViewController.h */,
				BBE7F4421AE6153A008A3ED6 /* RegisterViewController.m */,
			);
			name = Login;
			sourceTree = "<group>";
		};
		BBE16EC51AD7AC8B000B150D = {
			isa = PBXGroup;
			children = (
				BBE16EF81AD7ADDF000B150D /* readme */,
				BBE16ED01AD7AC8B000B150D /* JXOnlineSchool */,
				BBE16EEA1AD7AC8B000B150D /* JXOnlineSchoolTests */,
				BBE16ECF1AD7AC8B000B150D /* Products */,
			);
			sourceTree = "<group>";
		};
		BBE16ECF1AD7AC8B000B150D /* Products */ = {
			isa = PBXGroup;
			children = (
				BBE16ECE1AD7AC8B000B150D /* JXOnlineSchool.app */,
				BBE16EE71AD7AC8B000B150D /* JXOnlineSchoolTests.xctest */,
			);
			name = Products;
			sourceTree = "<group>";
		};
		BBE16ED01AD7AC8B000B150D /* JXOnlineSchool */ = {
			isa = PBXGroup;
			children = (
				BBE16EF71AD7ADDF000B150D /* Define.h */,
				BBE16ED51AD7AC8B000B150D /* AppDelegate.h */,
				BBE16ED61AD7AC8B000B150D /* AppDelegate.m */,
				71361EDF1AD825C000051EF9 /* Main.storyboard */,
				BBE16EFA1AD7AE68000B150D /* Controller */,
				BBE16EFB1AD7AE7C000B150D /* Handler */,
				BBE16EFC1AD7AE8E000B150D /* Model */,
				BBE16EFD1AD7AE92000B150D /* Librarys */,
				BBE16EFE1AD7AEA5000B150D /* Resource */,
				BBE16ED11AD7AC8B000B150D /* Supporting Files */,
			);
			path = JXOnlineSchool;
			sourceTree = "<group>";
		};
		BBE16ED11AD7AC8B000B150D /* Supporting Files */ = {
			isa = PBXGroup;
			children = (
				BBE16ED21AD7AC8B000B150D /* Info.plist */,
				BBE16ED31AD7AC8B000B150D /* main.m */,
			);
			name = "Supporting Files";
			sourceTree = "<group>";
		};
		BBE16EEA1AD7AC8B000B150D /* JXOnlineSchoolTests */ = {
			isa = PBXGroup;
			children = (
				BBE16EED1AD7AC8B000B150D /* JXOnlineSchoolTests.m */,
				BBE16EEB1AD7AC8B000B150D /* Supporting Files */,
			);
			path = JXOnlineSchoolTests;
			sourceTree = "<group>";
		};
		BBE16EEB1AD7AC8B000B150D /* Supporting Files */ = {
			isa = PBXGroup;
			children = (
				BBE16EEC1AD7AC8B000B150D /* Info.plist */,
			);
			name = "Supporting Files";
			sourceTree = "<group>";
		};
		BBE16EFA1AD7AE68000B150D /* Controller */ = {
			isa = PBXGroup;
			children = (
				BBFB97ED1AE656C000E93D23 /* Search */,
				BB62FD6E1ADE30EA00B7B7A6 /* Login */,
				BB62FD6A1ADE2E9000B7B7A6 /* Vedio */,
				71C04FC01ADA7E1600CAA2FD /* Left */,
				71C04FB11ADA60E300CAA2FD /* Setting */,
				711FBAB91AD8166F00DC8632 /* Main */,
				711FBAB51AD8143D00DC8632 /* SliderViewController */,
				BBE16F031AD7AF83000B150D /* Base */,
			);
			name = Controller;
			sourceTree = "<group>";
		};
		BBE16EFB1AD7AE7C000B150D /* Handler */ = {
			isa = PBXGroup;
			children = (
			);
			name = Handler;
			sourceTree = "<group>";
		};
		BBE16EFC1AD7AE8E000B150D /* Model */ = {
			isa = PBXGroup;
			children = (
			);
			name = Model;
			sourceTree = "<group>";
		};
		BBE16EFD1AD7AE92000B150D /* Librarys */ = {
			isa = PBXGroup;
			children = (
				71A26F051ADB50E400191E67 /* STAlertView */,
				711FBAC61AD81A5500DC8632 /* MLTransition */,
				BBE16EFF1AD7AF5D000B150D /* Categories */,
			);
			name = Librarys;
			sourceTree = "<group>";
		};
		BBE16EFE1AD7AEA5000B150D /* Resource */ = {
			isa = PBXGroup;
			children = (
				BBE16EDE1AD7AC8B000B150D /* Images.xcassets */,
			);
			name = Resource;
			sourceTree = "<group>";
		};
		BBE16EFF1AD7AF5D000B150D /* Categories */ = {
			isa = PBXGroup;
			children = (
				BBE16F001AD7AF75000B150D /* UIViewController+Appearence.h */,
				BBE16F011AD7AF75000B150D /* UIViewController+Appearence.m */,
				716A85801AD9069700B3FC22 /* UIResponder+StoryBoard.h */,
				716A85811AD9069700B3FC22 /* UIResponder+StoryBoard.m */,
			);
			name = Categories;
			sourceTree = "<group>";
		};
		BBE16F031AD7AF83000B150D /* Base */ = {
			isa = PBXGroup;
			children = (
				BBE16F041AD7AFA9000B150D /* JXBaseViewController.h */,
				BBE16F051AD7AFA9000B150D /* JXBaseViewController.m */,
			);
			name = Base;
			sourceTree = "<group>";
		};
		BBFB97ED1AE656C000E93D23 /* Search */ = {
			isa = PBXGroup;
			children = (
				BBFB97F11AE6596B00E93D23 /* SearchController.h */,
				BBFB97F21AE6596B00E93D23 /* SearchController.m */,
			);
			name = Search;
			sourceTree = "<group>";
		};
/* End PBXGroup section */

/* Begin PBXNativeTarget section */
		BBE16ECD1AD7AC8B000B150D /* JXOnlineSchool */ = {
			isa = PBXNativeTarget;
			buildConfigurationList = BBE16EF11AD7AC8B000B150D /* Build configuration list for PBXNativeTarget "JXOnlineSchool" */;
			buildPhases = (
				BBE16ECA1AD7AC8B000B150D /* Sources */,
				BBE16ECB1AD7AC8B000B150D /* Frameworks */,
				BBE16ECC1AD7AC8B000B150D /* Resources */,
			);
			buildRules = (
			);
			dependencies = (
			);
			name = JXOnlineSchool;
			productName = JXOnlineSchool;
			productReference = BBE16ECE1AD7AC8B000B150D /* JXOnlineSchool.app */;
			productType = "com.apple.product-type.application";
		};
		BBE16EE61AD7AC8B000B150D /* JXOnlineSchoolTests */ = {
			isa = PBXNativeTarget;
			buildConfigurationList = BBE16EF41AD7AC8B000B150D /* Build configuration list for PBXNativeTarget "JXOnlineSchoolTests" */;
			buildPhases = (
				BBE16EE31AD7AC8B000B150D /* Sources */,
				BBE16EE41AD7AC8B000B150D /* Frameworks */,
				BBE16EE51AD7AC8B000B150D /* Resources */,
			);
			buildRules = (
			);
			dependencies = (
				BBE16EE91AD7AC8B000B150D /* PBXTargetDependency */,
			);
			name = JXOnlineSchoolTests;
			productName = JXOnlineSchoolTests;
			productReference = BBE16EE71AD7AC8B000B150D /* JXOnlineSchoolTests.xctest */;
			productType = "com.apple.product-type.bundle.unit-test";
		};
/* End PBXNativeTarget section */

/* Begin PBXProject section */
		BBE16EC61AD7AC8B000B150D /* Project object */ = {
			isa = PBXProject;
			attributes = {
				LastUpgradeCheck = 0630;
				ORGANIZATIONNAME = leiganzheng;
				TargetAttributes = {
					BBE16ECD1AD7AC8B000B150D = {
						CreatedOnToolsVersion = 6.3;
					};
					BBE16EE61AD7AC8B000B150D = {
						CreatedOnToolsVersion = 6.3;
						TestTargetID = BBE16ECD1AD7AC8B000B150D;
					};
				};
			};
			buildConfigurationList = BBE16EC91AD7AC8B000B150D /* Build configuration list for PBXProject "JXOnlineSchool" */;
			compatibilityVersion = "Xcode 3.2";
			developmentRegion = English;
			hasScannedForEncodings = 0;
			knownRegions = (
				en,
				Base,
			);
			mainGroup = BBE16EC51AD7AC8B000B150D;
			productRefGroup = BBE16ECF1AD7AC8B000B150D /* Products */;
			projectDirPath = "";
			projectRoot = "";
			targets = (
				BBE16ECD1AD7AC8B000B150D /* JXOnlineSchool */,
				BBE16EE61AD7AC8B000B150D /* JXOnlineSchoolTests */,
			);
		};
/* End PBXProject section */

/* Begin PBXResourcesBuildPhase section */
		BBE16ECC1AD7AC8B000B150D /* Resources */ = {
			isa = PBXResourcesBuildPhase;
			buildActionMask = 2147483647;
			files = (
				71C8FBC31AD934EF00F45CF1 /* CourseTableViewCell.xib in Resources */,
				71361EE01AD825C000051EF9 /* Main.storyboard in Resources */,
				7168B2BF1AE014C900FE3000 /* MyCourseSection.xib in Resources */,
				BBE16EF91AD7ADDF000B150D /* readme in Resources */,
				BBD647061AE0D19400253851 /* CommentTableViewCell.xib in Resources */,
				BBE16EDF1AD7AC8B000B150D /* Images.xcassets in Resources */,
				BB62FD731ADE346000B7B7A6 /* loginView.xib in Resources */,
			);
			runOnlyForDeploymentPostprocessing = 0;
		};
		BBE16EE51AD7AC8B000B150D /* Resources */ = {
			isa = PBXResourcesBuildPhase;
			buildActionMask = 2147483647;
			files = (
			);
			runOnlyForDeploymentPostprocessing = 0;
		};
/* End PBXResourcesBuildPhase section */

/* Begin PBXSourcesBuildPhase section */
		BBE16ECA1AD7AC8B000B150D /* Sources */ = {
			isa = PBXSourcesBuildPhase;
			buildActionMask = 2147483647;
			files = (
				BB62FD791ADE371000B7B7A6 /* StartViewController.m in Sources */,
				71361EDE1AD8247800051EF9 /* UIViewController+MLTransition.m in Sources */,
				716A85751AD8F78500B3FC22 /* LatestViewController.m in Sources */,
				716A857E1AD9037700B3FC22 /* SettingViewController.m in Sources */,
				BBE16F021AD7AF75000B150D /* UIViewController+Appearence.m in Sources */,
				BB62FD711ADE30FA00B7B7A6 /* LoginViewController.m in Sources */,
				71C04FC31ADA7E8B00CAA2FD /* MyCollectionViewController.m in Sources */,
				71C04FC91ADA801D00CAA2FD /* RecommendViewController.m in Sources */,
				71C8FBC21AD934EF00F45CF1 /* CourseTableViewCell.m in Sources */,
				71C04FBB1ADA7B1B00CAA2FD /* DownLoadTableViewCell.m in Sources */,
				BBE7F4461AE61557008A3ED6 /* PayViewController.m in Sources */,
				711FBAB81AD8146900DC8632 /* SliderViewController.m in Sources */,
				71C334FA1AE695E6007C29D6 /* MainBaseViewController.m in Sources */,
				BBFB97F31AE6596B00E93D23 /* SearchController.m in Sources */,
				71C04FB41ADA613E00CAA2FD /* ChangeNicknameViewController.m in Sources */,
				716A85781AD8FB7900B3FC22 /* CourseViewController.m in Sources */,
				711FBABF1AD8169600DC8632 /* MainViewController.m in Sources */,
				7168B2BD1AE010C700FE3000 /* MyCourseTableViewCell.m in Sources */,
				71C04FBF1ADA7CDA00CAA2FD /* MyCourseViewController.m in Sources */,
				716A85821AD9069700B3FC22 /* UIResponder+StoryBoard.m in Sources */,
				71A26F081ADB511D00191E67 /* STAlertView.m in Sources */,
				BBE16ED71AD7AC8B000B150D /* AppDelegate.m in Sources */,
				711FBABC1AD8168A00DC8632 /* LeftViewController.m in Sources */,
				BB62FD6D1ADE2EC500B7B7A6 /* VideoPlayerViewController.m in Sources */,
				BBE16ED41AD7AC8B000B150D /* main.m in Sources */,
				716A85851AD919EF00B3FC22 /* CourseCell.m in Sources */,
				BBE7F4431AE6153A008A3ED6 /* RegisterViewController.m in Sources */,
				71361EDD1AD8247800051EF9 /* MLTransitionAnimation.m in Sources */,
				BBD647051AE0D19400253851 /* CommentTableViewCell.m in Sources */,
				71C04FC61ADA7EF200CAA2FD /* CustomerServiceViewController.m in Sources */,
				BA971AE71ADA6B8C00C06A68 /* ChangPasswordViewController.m in Sources */,
				716A857B1AD8FBE100B3FC22 /* CourseDetailViewController.m in Sources */,
				71C04FB81ADA79A400CAA2FD /* DownLoadViewController.m in Sources */,
				718D30B91ADC01AB008C1D42 /* AboutViewController.m in Sources */,
				BBE16F061AD7AFA9000B150D /* JXBaseViewController.m in Sources */,
			);
			runOnlyForDeploymentPostprocessing = 0;
		};
		BBE16EE31AD7AC8B000B150D /* Sources */ = {
			isa = PBXSourcesBuildPhase;
			buildActionMask = 2147483647;
			files = (
				BBE16EEE1AD7AC8B000B150D /* JXOnlineSchoolTests.m in Sources */,
			);
			runOnlyForDeploymentPostprocessing = 0;
		};
/* End PBXSourcesBuildPhase section */

/* Begin PBXTargetDependency section */
		BBE16EE91AD7AC8B000B150D /* PBXTargetDependency */ = {
			isa = PBXTargetDependency;
			target = BBE16ECD1AD7AC8B000B150D /* JXOnlineSchool */;
			targetProxy = BBE16EE81AD7AC8B000B150D /* PBXContainerItemProxy */;
		};
/* End PBXTargetDependency section */

/* Begin XCBuildConfiguration section */
		BBE16EEF1AD7AC8B000B150D /* Debug */ = {
			isa = XCBuildConfiguration;
			buildSettings = {
				ALWAYS_SEARCH_USER_PATHS = NO;
				CLANG_CXX_LANGUAGE_STANDARD = "gnu++0x";
				CLANG_CXX_LIBRARY = "libc++";
				CLANG_ENABLE_MODULES = YES;
				CLANG_ENABLE_OBJC_ARC = YES;
				CLANG_WARN_BOOL_CONVERSION = YES;
				CLANG_WARN_CONSTANT_CONVERSION = YES;
				CLANG_WARN_DIRECT_OBJC_ISA_USAGE = YES_ERROR;
				CLANG_WARN_EMPTY_BODY = YES;
				CLANG_WARN_ENUM_CONVERSION = YES;
				CLANG_WARN_INT_CONVERSION = YES;
				CLANG_WARN_OBJC_ROOT_CLASS = YES_ERROR;
				CLANG_WARN_UNREACHABLE_CODE = YES;
				CLANG_WARN__DUPLICATE_METHOD_MATCH = YES;
				"CODE_SIGN_IDENTITY[sdk=iphoneos*]" = "iPhone Developer";
				COPY_PHASE_STRIP = NO;
				DEBUG_INFORMATION_FORMAT = "dwarf-with-dsym";
				ENABLE_STRICT_OBJC_MSGSEND = YES;
				GCC_C_LANGUAGE_STANDARD = gnu99;
				GCC_DYNAMIC_NO_PIC = NO;
				GCC_NO_COMMON_BLOCKS = YES;
				GCC_OPTIMIZATION_LEVEL = 0;
				GCC_PREPROCESSOR_DEFINITIONS = (
					"DEBUG=1",
					"$(inherited)",
				);
				GCC_SYMBOLS_PRIVATE_EXTERN = NO;
				GCC_WARN_64_TO_32_BIT_CONVERSION = YES;
				GCC_WARN_ABOUT_RETURN_TYPE = YES_ERROR;
				GCC_WARN_UNDECLARED_SELECTOR = YES;
				GCC_WARN_UNINITIALIZED_AUTOS = YES_AGGRESSIVE;
				GCC_WARN_UNUSED_FUNCTION = YES;
				GCC_WARN_UNUSED_VARIABLE = YES;
				IPHONEOS_DEPLOYMENT_TARGET = 8.3;
				MTL_ENABLE_DEBUG_INFO = YES;
				ONLY_ACTIVE_ARCH = YES;
				SDKROOT = iphoneos;
			};
			name = Debug;
		};
		BBE16EF01AD7AC8B000B150D /* Release */ = {
			isa = XCBuildConfiguration;
			buildSettings = {
				ALWAYS_SEARCH_USER_PATHS = NO;
				CLANG_CXX_LANGUAGE_STANDARD = "gnu++0x";
				CLANG_CXX_LIBRARY = "libc++";
				CLANG_ENABLE_MODULES = YES;
				CLANG_ENABLE_OBJC_ARC = YES;
				CLANG_WARN_BOOL_CONVERSION = YES;
				CLANG_WARN_CONSTANT_CONVERSION = YES;
				CLANG_WARN_DIRECT_OBJC_ISA_USAGE = YES_ERROR;
				CLANG_WARN_EMPTY_BODY = YES;
				CLANG_WARN_ENUM_CONVERSION = YES;
				CLANG_WARN_INT_CONVERSION = YES;
				CLANG_WARN_OBJC_ROOT_CLASS = YES_ERROR;
				CLANG_WARN_UNREACHABLE_CODE = YES;
				CLANG_WARN__DUPLICATE_METHOD_MATCH = YES;
				"CODE_SIGN_IDENTITY[sdk=iphoneos*]" = "iPhone Developer";
				COPY_PHASE_STRIP = NO;
				DEBUG_INFORMATION_FORMAT = "dwarf-with-dsym";
				ENABLE_NS_ASSERTIONS = NO;
				ENABLE_STRICT_OBJC_MSGSEND = YES;
				GCC_C_LANGUAGE_STANDARD = gnu99;
				GCC_NO_COMMON_BLOCKS = YES;
				GCC_WARN_64_TO_32_BIT_CONVERSION = YES;
				GCC_WARN_ABOUT_RETURN_TYPE = YES_ERROR;
				GCC_WARN_UNDECLARED_SELECTOR = YES;
				GCC_WARN_UNINITIALIZED_AUTOS = YES_AGGRESSIVE;
				GCC_WARN_UNUSED_FUNCTION = YES;
				GCC_WARN_UNUSED_VARIABLE = YES;
				IPHONEOS_DEPLOYMENT_TARGET = 8.3;
				MTL_ENABLE_DEBUG_INFO = NO;
				SDKROOT = iphoneos;
				VALIDATE_PRODUCT = YES;
			};
			name = Release;
		};
		BBE16EF21AD7AC8B000B150D /* Debug */ = {
			isa = XCBuildConfiguration;
			buildSettings = {
				ASSETCATALOG_COMPILER_APPICON_NAME = AppIcon;
				ASSETCATALOG_COMPILER_LAUNCHIMAGE_NAME = LaunchImage;
				CODE_SIGN_IDENTITY = "iPhone Developer: xi min (XB4PE2625N)";
				INFOPLIST_FILE = JXOnlineSchool/Info.plist;
				IPHONEOS_DEPLOYMENT_TARGET = 7.0;
				LD_RUNPATH_SEARCH_PATHS = "$(inherited) @executable_path/Frameworks";
				PRODUCT_NAME = "$(TARGET_NAME)";
			};
			name = Debug;
		};
		BBE16EF31AD7AC8B000B150D /* Release */ = {
			isa = XCBuildConfiguration;
			buildSettings = {
				ASSETCATALOG_COMPILER_APPICON_NAME = AppIcon;
				ASSETCATALOG_COMPILER_LAUNCHIMAGE_NAME = LaunchImage;
				CODE_SIGN_IDENTITY = "iPhone Developer: xi min (XB4PE2625N)";
				INFOPLIST_FILE = JXOnlineSchool/Info.plist;
				IPHONEOS_DEPLOYMENT_TARGET = 7.0;
				LD_RUNPATH_SEARCH_PATHS = "$(inherited) @executable_path/Frameworks";
				PRODUCT_NAME = "$(TARGET_NAME)";
			};
			name = Release;
		};
		BBE16EF51AD7AC8B000B150D /* Debug */ = {
			isa = XCBuildConfiguration;
			buildSettings = {
				BUNDLE_LOADER = "$(TEST_HOST)";
				FRAMEWORK_SEARCH_PATHS = (
					"$(SDKROOT)/Developer/Library/Frameworks",
					"$(inherited)",
				);
				GCC_PREPROCESSOR_DEFINITIONS = (
					"DEBUG=1",
					"$(inherited)",
				);
				INFOPLIST_FILE = JXOnlineSchoolTests/Info.plist;
				LD_RUNPATH_SEARCH_PATHS = "$(inherited) @executable_path/Frameworks @loader_path/Frameworks";
				PRODUCT_NAME = "$(TARGET_NAME)";
				TEST_HOST = "$(BUILT_PRODUCTS_DIR)/JXOnlineSchool.app/JXOnlineSchool";
			};
			name = Debug;
		};
		BBE16EF61AD7AC8B000B150D /* Release */ = {
			isa = XCBuildConfiguration;
			buildSettings = {
				BUNDLE_LOADER = "$(TEST_HOST)";
				FRAMEWORK_SEARCH_PATHS = (
					"$(SDKROOT)/Developer/Library/Frameworks",
					"$(inherited)",
				);
				INFOPLIST_FILE = JXOnlineSchoolTests/Info.plist;
				LD_RUNPATH_SEARCH_PATHS = "$(inherited) @executable_path/Frameworks @loader_path/Frameworks";
				PRODUCT_NAME = "$(TARGET_NAME)";
				TEST_HOST = "$(BUILT_PRODUCTS_DIR)/JXOnlineSchool.app/JXOnlineSchool";
			};
			name = Release;
		};
/* End XCBuildConfiguration section */

/* Begin XCConfigurationList section */
		BBE16EC91AD7AC8B000B150D /* Build configuration list for PBXProject "JXOnlineSchool" */ = {
			isa = XCConfigurationList;
			buildConfigurations = (
				BBE16EEF1AD7AC8B000B150D /* Debug */,
				BBE16EF01AD7AC8B000B150D /* Release */,
			);
			defaultConfigurationIsVisible = 0;
			defaultConfigurationName = Release;
		};
		BBE16EF11AD7AC8B000B150D /* Build configuration list for PBXNativeTarget "JXOnlineSchool" */ = {
			isa = XCConfigurationList;
			buildConfigurations = (
				BBE16EF21AD7AC8B000B150D /* Debug */,
				BBE16EF31AD7AC8B000B150D /* Release */,
			);
			defaultConfigurationIsVisible = 0;
			defaultConfigurationName = Release;
		};
		BBE16EF41AD7AC8B000B150D /* Build configuration list for PBXNativeTarget "JXOnlineSchoolTests" */ = {
			isa = XCConfigurationList;
			buildConfigurations = (
				BBE16EF51AD7AC8B000B150D /* Debug */,
				BBE16EF61AD7AC8B000B150D /* Release */,
			);
			defaultConfigurationIsVisible = 0;
			defaultConfigurationName = Release;
		};
/* End XCConfigurationList section */
	};
	rootObject = BBE16EC61AD7AC8B000B150D /* Project object */;
}
