// !$*UTF8*$!
{
	archiveVersion = 1;
	classes = {
	};
	objectVersion = 46;
	objects = {

/* Begin PBXBuildFile section */
		711FBAB81AD8146900DC8632 /* SliderViewController.m in Sources */ = {isa = PBXBuildFile; fileRef = 711FBAB71AD8146900DC8632 /* SliderViewController.m */; };
		711FBABC1AD8168A00DC8632 /* LeftViewController.m in Sources */ = {isa = PBXBuildFile; fileRef = 711FBABB1AD8168A00DC8632 /* LeftViewController.m */; };
		711FBABF1AD8169600DC8632 /* MainViewController.m in Sources */ = {isa = PBXBuildFile; fileRef = 711FBABE1AD8169600DC8632 /* MainViewController.m */; };
		71361EDD1AD8247800051EF9 /* MLTransitionAnimation.m in Sources */ = {isa = PBXBuildFile; fileRef = 71361EDA1AD8247800051EF9 /* MLTransitionAnimation.m */; };
		71361EDE1AD8247800051EF9 /* UIViewController+MLTransition.m in Sources */ = {isa = PBXBuildFile; fileRef = 71361EDC1AD8247800051EF9 /* UIViewController+MLTransition.m */; };
		71361EE01AD825C000051EF9 /* Main.storyboard in Resources */ = {isa = PBXBuildFile; fileRef = 71361EDF1AD825C000051EF9 /* Main.storyboard */; };
		716A85751AD8F78500B3FC22 /* LatestViewController.m in Sources */ = {isa = PBXBuildFile; fileRef = 716A85741AD8F78500B3FC22 /* LatestViewController.m */; };
		716A85781AD8FB7900B3FC22 /* CourseViewController.m in Sources */ = {isa = PBXBuildFile; fileRef = 716A85771AD8FB7900B3FC22 /* CourseViewController.m */; };
		716A857B1AD8FBE100B3FC22 /* CourseDetailViewController.m in Sources */ = {isa = PBXBuildFile; fileRef = 716A857A1AD8FBE100B3FC22 /* CourseDetailViewController.m */; };
		716A857E1AD9037700B3FC22 /* SettingViewController.m in Sources */ = {isa = PBXBuildFile; fileRef = 716A857D1AD9037700B3FC22 /* SettingViewController.m */; };
		716A85821AD9069700B3FC22 /* UIResponder+StoryBoard.m in Sources */ = {isa = PBXBuildFile; fileRef = 716A85811AD9069700B3FC22 /* UIResponder+StoryBoard.m */; };
		716A85851AD919EF00B3FC22 /* CourseCell.m in Sources */ = {isa = PBXBuildFile; fileRef = 716A85841AD919EF00B3FC22 /* CourseCell.m */; };
		71C8FBC21AD934EF00F45CF1 /* CourseTableViewCell.m in Sources */ = {isa = PBXBuildFile; fileRef = 71C8FBC01AD934EF00F45CF1 /* CourseTableViewCell.m */; };
		71C8FBC31AD934EF00F45CF1 /* CourseTableViewCell.xib in Resources */ = {isa = PBXBuildFile; fileRef = 71C8FBC11AD934EF00F45CF1 /* CourseTableViewCell.xib */; };
		BBE16ED41AD7AC8B000B150D /* main.m in Sources */ = {isa = PBXBuildFile; fileRef = BBE16ED31AD7AC8B000B150D /* main.m */; };
		BBE16ED71AD7AC8B000B150D /* AppDelegate.m in Sources */ = {isa = PBXBuildFile; fileRef = BBE16ED61AD7AC8B000B150D /* AppDelegate.m */; };
		BBE16EDF1AD7AC8B000B150D /* Images.xcassets in Resources */ = {isa = PBXBuildFile; fileRef = BBE16EDE1AD7AC8B000B150D /* Images.xcassets */; };
		BBE16EEE1AD7AC8B000B150D /* JXOnlineSchoolTests.m in Sources */ = {isa = PBXBuildFile; fileRef = BBE16EED1AD7AC8B000B150D /* JXOnlineSchoolTests.m */; };
		BBE16EF91AD7ADDF000B150D /* readme in Resources */ = {isa = PBXBuildFile; fileRef = BBE16EF81AD7ADDF000B150D /* readme */; };
		BBE16F021AD7AF75000B150D /* UIViewController+Appearence.m in Sources */ = {isa = PBXBuildFile; fileRef = BBE16F011AD7AF75000B150D /* UIViewController+Appearence.m */; };
		BBE16F061AD7AFA9000B150D /* JXBaseViewController.m in Sources */ = {isa = PBXBuildFile; fileRef = BBE16F051AD7AFA9000B150D /* JXBaseViewController.m */; };
/* End PBXBuildFile section */

/* Begin PBXContainerItemProxy section */
		BBE16EE81AD7AC8B000B150D /* PBXContainerItemProxy */ = {
			isa = PBXContainerItemProxy;
			containerPortal = BBE16EC61AD7AC8B000B150D /* Project object */;
			proxyType = 1;
			remoteGlobalIDString = BBE16ECD1AD7AC8B000B150D;
			remoteInfo = JXOnlineSchool;
		};
/* End PBXContainerItemProxy section */

/* Begin PBXFileReference section */
		711FBAB61AD8146900DC8632 /* SliderViewController.h */ = {isa = PBXFileReference; fileEncoding = 4; lastKnownFileType = sourcecode.c.h; path = SliderViewController.h; sourceTree = "<group>"; };
		711FBAB71AD8146900DC8632 /* SliderViewController.m */ = {isa = PBXFileReference; fileEncoding = 4; lastKnownFileType = sourcecode.c.objc; path = SliderViewController.m; sourceTree = "<group>"; };
		711FBABA1AD8168A00DC8632 /* LeftViewController.h */ = {isa = PBXFileReference; fileEncoding = 4; lastKnownFileType = sourcecode.c.h; path = LeftViewController.h; sourceTree = "<group>"; };
		711FBABB1AD8168A00DC8632 /* LeftViewController.m */ = {isa = PBXFileReference; fileEncoding = 4; lastKnownFileType = sourcecode.c.objc; path = LeftViewController.m; sourceTree = "<group>"; };
		711FBABD1AD8169600DC8632 /* MainViewController.h */ = {isa = PBXFileReference; fileEncoding = 4; lastKnownFileType = sourcecode.c.h; path = MainViewController.h; sourceTree = "<group>"; };
		711FBABE1AD8169600DC8632 /* MainViewController.m */ = {isa = PBXFileReference; fileEncoding = 4; lastKnownFileType = sourcecode.c.objc; path = MainViewController.m; sourceTree = "<group>"; };
		71361ED91AD8247800051EF9 /* MLTransitionAnimation.h */ = {isa = PBXFileReference; fileEncoding = 4; lastKnownFileType = sourcecode.c.h; path = MLTransitionAnimation.h; sourceTree = "<group>"; };
		71361EDA1AD8247800051EF9 /* MLTransitionAnimation.m */ = {isa = PBXFileReference; fileEncoding = 4; lastKnownFileType = sourcecode.c.objc; path = MLTransitionAnimation.m; sourceTree = "<group>"; };
		71361EDB1AD8247800051EF9 /* UIViewController+MLTransition.h */ = {isa = PBXFileReference; fileEncoding = 4; lastKnownFileType = sourcecode.c.h; path = "UIViewController+MLTransition.h"; sourceTree = "<group>"; };
		71361EDC1AD8247800051EF9 /* UIViewController+MLTransition.m */ = {isa = PBXFileReference; fileEncoding = 4; lastKnownFileType = sourcecode.c.objc; path = "UIViewController+MLTransition.m"; sourceTree = "<group>"; };
		71361EDF1AD825C000051EF9 /* Main.storyboard */ = {isa = PBXFileReference; fileEncoding = 4; lastKnownFileType = file.storyboard; path = Main.storyboard; sourceTree = "<group>"; };
		716A85731AD8F78500B3FC22 /* LatestViewController.h */ = {isa = PBXFileReference; fileEncoding = 4; lastKnownFileType = sourcecode.c.h; path = LatestViewController.h; sourceTree = "<group>"; };
		716A85741AD8F78500B3FC22 /* LatestViewController.m */ = {isa = PBXFileReference; fileEncoding = 4; lastKnownFileType = sourcecode.c.objc; path = LatestViewController.m; sourceTree = "<group>"; };
		716A85761AD8FB7900B3FC22 /* CourseViewController.h */ = {isa = PBXFileReference; fileEncoding = 4; lastKnownFileType = sourcecode.c.h; path = CourseViewController.h; sourceTree = "<group>"; };
		716A85771AD8FB7900B3FC22 /* CourseViewController.m */ = {isa = PBXFileReference; fileEncoding = 4; lastKnownFileType = sourcecode.c.objc; path = CourseViewController.m; sourceTree = "<group>"; };
		716A85791AD8FBE100B3FC22 /* CourseDetailViewController.h */ = {isa = PBXFileReference; fileEncoding = 4; lastKnownFileType = sourcecode.c.h; path = CourseDetailViewController.h; sourceTree = "<group>"; };
		716A857A1AD8FBE100B3FC22 /* CourseDetailViewController.m */ = {isa = PBXFileReference; fileEncoding = 4; lastKnownFileType = sourcecode.c.objc; path = CourseDetailViewController.m; sourceTree = "<group>"; };
		716A857C1AD9037700B3FC22 /* SettingViewController.h */ = {isa = PBXFileReference; fileEncoding = 4; lastKnownFileType = sourcecode.c.h; path = SettingViewController.h; sourceTree = "<group>"; };
		716A857D1AD9037700B3FC22 /* SettingViewController.m */ = {isa = PBXFileReference; fileEncoding = 4; lastKnownFileType = sourcecode.c.objc; path = SettingViewController.m; sourceTree = "<group>"; };
		716A85801AD9069700B3FC22 /* UIResponder+StoryBoard.h */ = {isa = PBXFileReference; fileEncoding = 4; lastKnownFileType = sourcecode.c.h; path = "UIResponder+StoryBoard.h"; sourceTree = "<group>"; };
		716A85811AD9069700B3FC22 /* UIResponder+StoryBoard.m */ = {isa = PBXFileReference; fileEncoding = 4; lastKnownFileType = sourcecode.c.objc; path = "UIResponder+StoryBoard.m"; sourceTree = "<group>"; };
		716A85831AD919EF00B3FC22 /* CourseCell.h */ = {isa = PBXFileReference; fileEncoding = 4; lastKnownFileType = sourcecode.c.h; path = CourseCell.h; sourceTree = "<group>"; };
		716A85841AD919EF00B3FC22 /* CourseCell.m */ = {isa = PBXFileReference; fileEncoding = 4; lastKnownFileType = sourcecode.c.objc; path = CourseCell.m; sourceTree = "<group>"; };
		71C8FBBF1AD934EF00F45CF1 /* CourseTableViewCell.h */ = {isa = PBXFileReference; fileEncoding = 4; lastKnownFileType = sourcecode.c.h; path = CourseTableViewCell.h; sourceTree = "<group>"; };
		71C8FBC01AD934EF00F45CF1 /* CourseTableViewCell.m */ = {isa = PBXFileReference; fileEncoding = 4; lastKnownFileType = sourcecode.c.objc; path = CourseTableViewCell.m; sourceTree = "<group>"; };
		71C8FBC11AD934EF00F45CF1 /* CourseTableViewCell.xib */ = {isa = PBXFileReference; fileEncoding = 4; lastKnownFileType = file.xib; path = CourseTableViewCell.xib; sourceTree = "<group>"; };
		BBE16ECE1AD7AC8B000B150D /* JXOnlineSchool.app */ = {isa = PBXFileReference; explicitFileType = wrapper.application; includeInIndex = 0; path = JXOnlineSchool.app; sourceTree = BUILT_PRODUCTS_DIR; };
		BBE16ED21AD7AC8B000B150D /* Info.plist */ = {isa = PBXFileReference; lastKnownFileType = text.plist.xml; path = Info.plist; sourceTree = "<group>"; };
		BBE16ED31AD7AC8B000B150D /* main.m */ = {isa = PBXFileReference; lastKnownFileType = sourcecode.c.objc; path = main.m; sourceTree = "<group>"; };
		BBE16ED51AD7AC8B000B150D /* AppDelegate.h */ = {isa = PBXFileReference; lastKnownFileType = sourcecode.c.h; path = AppDelegate.h; sourceTree = "<group>"; };
		BBE16ED61AD7AC8B000B150D /* AppDelegate.m */ = {isa = PBXFileReference; lastKnownFileType = sourcecode.c.objc; path = AppDelegate.m; sourceTree = "<group>"; };
		BBE16EDE1AD7AC8B000B150D /* Images.xcassets */ = {isa = PBXFileReference; lastKnownFileType = folder.assetcatalog; path = Images.xcassets; sourceTree = "<group>"; };
		BBE16EE71AD7AC8B000B150D /* JXOnlineSchoolTests.xctest */ = {isa = PBXFileReference; explicitFileType = wrapper.cfbundle; includeInIndex = 0; path = JXOnlineSchoolTests.xctest; sourceTree = BUILT_PRODUCTS_DIR; };
		BBE16EEC1AD7AC8B000B150D /* Info.plist */ = {isa = PBXFileReference; lastKnownFileType = text.plist.xml; path = Info.plist; sourceTree = "<group>"; };
		BBE16EED1AD7AC8B000B150D /* JXOnlineSchoolTests.m */ = {isa = PBXFileReference; lastKnownFileType = sourcecode.c.objc; path = JXOnlineSchoolTests.m; sourceTree = "<group>"; };
		BBE16EF71AD7ADDF000B150D /* Define.h */ = {isa = PBXFileReference; fileEncoding = 4; lastKnownFileType = sourcecode.c.h; path = Define.h; sourceTree = "<group>"; };
		BBE16EF81AD7ADDF000B150D /* readme */ = {isa = PBXFileReference; fileEncoding = 4; lastKnownFileType = text; name = readme; path = JXOnlineSchool/readme; sourceTree = "<group>"; };
		BBE16F001AD7AF75000B150D /* UIViewController+Appearence.h */ = {isa = PBXFileReference; fileEncoding = 4; lastKnownFileType = sourcecode.c.h; path = "UIViewController+Appearence.h"; sourceTree = "<group>"; };
		BBE16F011AD7AF75000B150D /* UIViewController+Appearence.m */ = {isa = PBXFileReference; fileEncoding = 4; lastKnownFileType = sourcecode.c.objc; path = "UIViewController+Appearence.m"; sourceTree = "<group>"; };
		BBE16F041AD7AFA9000B150D /* JXBaseViewController.h */ = {isa = PBXFileReference; fileEncoding = 4; lastKnownFileType = sourcecode.c.h; path = JXBaseViewController.h; sourceTree = "<group>"; };
		BBE16F051AD7AFA9000B150D /* JXBaseViewController.m */ = {isa = PBXFileReference; fileEncoding = 4; lastKnownFileType = sourcecode.c.objc; path = JXBaseViewController.m; sourceTree = "<group>"; };
/* End PBXFileReference section */

/* Begin PBXFrameworksBuildPhase section */
		BBE16ECB1AD7AC8B000B150D /* Frameworks */ = {
			isa = PBXFrameworksBuildPhase;
			buildActionMask = 2147483647;
			files = (
			);
			runOnlyForDeploymentPostprocessing = 0;
		};
		BBE16EE41AD7AC8B000B150D /* Frameworks */ = {
			isa = PBXFrameworksBuildPhase;
			buildActionMask = 2147483647;
			files = (
			);
			runOnlyForDeploymentPostprocessing = 0;
		};
/* End PBXFrameworksBuildPhase section */

/* Begin PBXGroup section */
		711FBAB51AD8143D00DC8632 /* SliderViewController */ = {
			isa = PBXGroup;
			children = (
				711FBAB61AD8146900DC8632 /* SliderViewController.h */,
				711FBAB71AD8146900DC8632 /* SliderViewController.m */,
			);
			name = SliderViewController;
			sourceTree = "<group>";
		};
		711FBAB91AD8166F00DC8632 /* Main */ = {
			isa = PBXGroup;
			children = (
				716A857C1AD9037700B3FC22 /* SettingViewController.h */,
				716A857D1AD9037700B3FC22 /* SettingViewController.m */,
				711FBABA1AD8168A00DC8632 /* LeftViewController.h */,
				711FBABB1AD8168A00DC8632 /* LeftViewController.m */,
				711FBABD1AD8169600DC8632 /* MainViewController.h */,
				711FBABE1AD8169600DC8632 /* MainViewController.m */,
				716A85731AD8F78500B3FC22 /* LatestViewController.h */,
				716A85741AD8F78500B3FC22 /* LatestViewController.m */,
				716A85761AD8FB7900B3FC22 /* CourseViewController.h */,
				716A85771AD8FB7900B3FC22 /* CourseViewController.m */,
				716A85791AD8FBE100B3FC22 /* CourseDetailViewController.h */,
				716A857A1AD8FBE100B3FC22 /* CourseDetailViewController.m */,
				716A85831AD919EF00B3FC22 /* CourseCell.h */,
				716A85841AD919EF00B3FC22 /* CourseCell.m */,
				71C8FBBF1AD934EF00F45CF1 /* CourseTableViewCell.h */,
				71C8FBC01AD934EF00F45CF1 /* CourseTableViewCell.m */,
				71C8FBC11AD934EF00F45CF1 /* CourseTableViewCell.xib */,
			);
			name = Main;
			sourceTree = "<group>";
		};
		711FBAC61AD81A5500DC8632 /* MLTransition */ = {
			isa = PBXGroup;
			children = (
				71361ED91AD8247800051EF9 /* MLTransitionAnimation.h */,
				71361EDA1AD8247800051EF9 /* MLTransitionAnimation.m */,
				71361EDB1AD8247800051EF9 /* UIViewController+MLTransition.h */,
				71361EDC1AD8247800051EF9 /* UIViewController+MLTransition.m */,
			);
			name = MLTransition;
			sourceTree = "<group>";
		};
		BBE16EC51AD7AC8B000B150D = {
			isa = PBXGroup;
			children = (
				BBE16EF81AD7ADDF000B150D /* readme */,
				BBE16ED01AD7AC8B000B150D /* JXOnlineSchool */,
				BBE16EEA1AD7AC8B000B150D /* JXOnlineSchoolTests */,
				BBE16ECF1AD7AC8B000B150D /* Products */,
			);
			sourceTree = "<group>";
		};
		BBE16ECF1AD7AC8B000B150D /* Products */ = {
			isa = PBXGroup;
			children = (
				BBE16ECE1AD7AC8B000B150D /* JXOnlineSchool.app */,
				BBE16EE71AD7AC8B000B150D /* JXOnlineSchoolTests.xctest */,
			);
			name = Products;
			sourceTree = "<group>";
		};
		BBE16ED01AD7AC8B000B150D /* JXOnlineSchool */ = {
			isa = PBXGroup;
			children = (
				BBE16EF71AD7ADDF000B150D /* Define.h */,
				BBE16ED51AD7AC8B000B150D /* AppDelegate.h */,
				BBE16ED61AD7AC8B000B150D /* AppDelegate.m */,
				71361EDF1AD825C000051EF9 /* Main.storyboard */,
				BBE16EFA1AD7AE68000B150D /* Controller */,
				BBE16EFB1AD7AE7C000B150D /* Handler */,
				BBE16EFC1AD7AE8E000B150D /* Model */,
				BBE16EFD1AD7AE92000B150D /* Librarys */,
				BBE16EFE1AD7AEA5000B150D /* Resource */,
				BBE16ED11AD7AC8B000B150D /* Supporting Files */,
			);
			path = JXOnlineSchool;
			sourceTree = "<group>";
		};
		BBE16ED11AD7AC8B000B150D /* Supporting Files */ = {
			isa = PBXGroup;
			children = (
				BBE16ED21AD7AC8B000B150D /* Info.plist */,
				BBE16ED31AD7AC8B000B150D /* main.m */,
			);
			name = "Supporting Files";
			sourceTree = "<group>";
		};
		BBE16EEA1AD7AC8B000B150D /* JXOnlineSchoolTests */ = {
			isa = PBXGroup;
			children = (
				BBE16EED1AD7AC8B000B150D /* JXOnlineSchoolTests.m */,
				BBE16EEB1AD7AC8B000B150D /* Supporting Files */,
			);
			path = JXOnlineSchoolTests;
			sourceTree = "<group>";
		};
		BBE16EEB1AD7AC8B000B150D /* Supporting Files */ = {
			isa = PBXGroup;
			children = (
				BBE16EEC1AD7AC8B000B150D /* Info.plist */,
			);
			name = "Supporting Files";
			sourceTree = "<group>";
		};
		BBE16EFA1AD7AE68000B150D /* Controller */ = {
			isa = PBXGroup;
			children = (
				711FBAB91AD8166F00DC8632 /* Main */,
				711FBAB51AD8143D00DC8632 /* SliderViewController */,
				BBE16F031AD7AF83000B150D /* Base */,
			);
			name = Controller;
			sourceTree = "<group>";
		};
		BBE16EFB1AD7AE7C000B150D /* Handler */ = {
			isa = PBXGroup;
			children = (
			);
			name = Handler;
			sourceTree = "<group>";
		};
		BBE16EFC1AD7AE8E000B150D /* Model */ = {
			isa = PBXGroup;
			children = (
			);
			name = Model;
			sourceTree = "<group>";
		};
		BBE16EFD1AD7AE92000B150D /* Librarys */ = {
			isa = PBXGroup;
			children = (
				711FBAC61AD81A5500DC8632 /* MLTransition */,
				BBE16EFF1AD7AF5D000B150D /* Categories */,
			);
			name = Librarys;
			sourceTree = "<group>";
		};
		BBE16EFE1AD7AEA5000B150D /* Resource */ = {
			isa = PBXGroup;
			children = (
				BBE16EDE1AD7AC8B000B150D /* Images.xcassets */,
			);
			name = Resource;
			sourceTree = "<group>";
		};
		BBE16EFF1AD7AF5D000B150D /* Categories */ = {
			isa = PBXGroup;
			children = (
				BBE16F001AD7AF75000B150D /* UIViewController+Appearence.h */,
				BBE16F011AD7AF75000B150D /* UIViewController+Appearence.m */,
				716A85801AD9069700B3FC22 /* UIResponder+StoryBoard.h */,
				716A85811AD9069700B3FC22 /* UIResponder+StoryBoard.m */,
			);
			name = Categories;
			sourceTree = "<group>";
		};
		BBE16F031AD7AF83000B150D /* Base */ = {
			isa = PBXGroup;
			children = (
				BBE16F041AD7AFA9000B150D /* JXBaseViewController.h */,
				BBE16F051AD7AFA9000B150D /* JXBaseViewController.m */,
			);
			name = Base;
			sourceTree = "<group>";
		};
/* End PBXGroup section */

/* Begin PBXNativeTarget section */
		BBE16ECD1AD7AC8B000B150D /* JXOnlineSchool */ = {
			isa = PBXNativeTarget;
			buildConfigurationList = BBE16EF11AD7AC8B000B150D /* Build configuration list for PBXNativeTarget "JXOnlineSchool" */;
			buildPhases = (
				BBE16ECA1AD7AC8B000B150D /* Sources */,
				BBE16ECB1AD7AC8B000B150D /* Frameworks */,
				BBE16ECC1AD7AC8B000B150D /* Resources */,
			);
			buildRules = (
			);
			dependencies = (
			);
			name = JXOnlineSchool;
			productName = JXOnlineSchool;
			productReference = BBE16ECE1AD7AC8B000B150D /* JXOnlineSchool.app */;
			productType = "com.apple.product-type.application";
		};
		BBE16EE61AD7AC8B000B150D /* JXOnlineSchoolTests */ = {
			isa = PBXNativeTarget;
			buildConfigurationList = BBE16EF41AD7AC8B000B150D /* Build configuration list for PBXNativeTarget "JXOnlineSchoolTests" */;
			buildPhases = (
				BBE16EE31AD7AC8B000B150D /* Sources */,
				BBE16EE41AD7AC8B000B150D /* Frameworks */,
				BBE16EE51AD7AC8B000B150D /* Resources */,
			);
			buildRules = (
			);
			dependencies = (
				BBE16EE91AD7AC8B000B150D /* PBXTargetDependency */,
			);
			name = JXOnlineSchoolTests;
			productName = JXOnlineSchoolTests;
			productReference = BBE16EE71AD7AC8B000B150D /* JXOnlineSchoolTests.xctest */;
			productType = "com.apple.product-type.bundle.unit-test";
		};
/* End PBXNativeTarget section */

/* Begin PBXProject section */
		BBE16EC61AD7AC8B000B150D /* Project object */ = {
			isa = PBXProject;
			attributes = {
				LastUpgradeCheck = 0630;
				ORGANIZATIONNAME = leiganzheng;
				TargetAttributes = {
					BBE16ECD1AD7AC8B000B150D = {
						CreatedOnToolsVersion = 6.3;
					};
					BBE16EE61AD7AC8B000B150D = {
						CreatedOnToolsVersion = 6.3;
						TestTargetID = BBE16ECD1AD7AC8B000B150D;
					};
				};
			};
			buildConfigurationList = BBE16EC91AD7AC8B000B150D /* Build configuration list for PBXProject "JXOnlineSchool" */;
			compatibilityVersion = "Xcode 3.2";
			developmentRegion = English;
			hasScannedForEncodings = 0;
			knownRegions = (
				en,
				Base,
			);
			mainGroup = BBE16EC51AD7AC8B000B150D;
			productRefGroup = BBE16ECF1AD7AC8B000B150D /* Products */;
			projectDirPath = "";
			projectRoot = "";
			targets = (
				BBE16ECD1AD7AC8B000B150D /* JXOnlineSchool */,
				BBE16EE61AD7AC8B000B150D /* JXOnlineSchoolTests */,
			);
		};
/* End PBXProject section */

/* Begin PBXResourcesBuildPhase section */
		BBE16ECC1AD7AC8B000B150D /* Resources */ = {
			isa = PBXResourcesBuildPhase;
			buildActionMask = 2147483647;
			files = (
				71C8FBC31AD934EF00F45CF1 /* CourseTableViewCell.xib in Resources */,
				71361EE01AD825C000051EF9 /* Main.storyboard in Resources */,
				BBE16EF91AD7ADDF000B150D /* readme in Resources */,
				BBE16EDF1AD7AC8B000B150D /* Images.xcassets in Resources */,
			);
			runOnlyForDeploymentPostprocessing = 0;
		};
		BBE16EE51AD7AC8B000B150D /* Resources */ = {
			isa = PBXResourcesBuildPhase;
			buildActionMask = 2147483647;
			files = (
			);
			runOnlyForDeploymentPostprocessing = 0;
		};
/* End PBXResourcesBuildPhase section */

/* Begin PBXSourcesBuildPhase section */
		BBE16ECA1AD7AC8B000B150D /* Sources */ = {
			isa = PBXSourcesBuildPhase;
			buildActionMask = 2147483647;
			files = (
				71361EDE1AD8247800051EF9 /* UIViewController+MLTransition.m in Sources */,
				716A85751AD8F78500B3FC22 /* LatestViewController.m in Sources */,
				716A857E1AD9037700B3FC22 /* SettingViewController.m in Sources */,
				BBE16F021AD7AF75000B150D /* UIViewController+Appearence.m in Sources */,
				71C8FBC21AD934EF00F45CF1 /* CourseTableViewCell.m in Sources */,
				711FBAB81AD8146900DC8632 /* SliderViewController.m in Sources */,
				716A85781AD8FB7900B3FC22 /* CourseViewController.m in Sources */,
				711FBABF1AD8169600DC8632 /* MainViewController.m in Sources */,
				716A85821AD9069700B3FC22 /* UIResponder+StoryBoard.m in Sources */,
				BBE16ED71AD7AC8B000B150D /* AppDelegate.m in Sources */,
				711FBABC1AD8168A00DC8632 /* LeftViewController.m in Sources */,
				BBE16ED41AD7AC8B000B150D /* main.m in Sources */,
				716A85851AD919EF00B3FC22 /* CourseCell.m in Sources */,
				71361EDD1AD8247800051EF9 /* MLTransitionAnimation.m in Sources */,
				716A857B1AD8FBE100B3FC22 /* CourseDetailViewController.m in Sources */,
				BBE16F061AD7AFA9000B150D /* JXBaseViewController.m in Sources */,
			);
			runOnlyForDeploymentPostprocessing = 0;
		};
		BBE16EE31AD7AC8B000B150D /* Sources */ = {
			isa = PBXSourcesBuildPhase;
			buildActionMask = 2147483647;
			files = (
				BBE16EEE1AD7AC8B000B150D /* JXOnlineSchoolTests.m in Sources */,
			);
			runOnlyForDeploymentPostprocessing = 0;
		};
/* End PBXSourcesBuildPhase section */

/* Begin PBXTargetDependency section */
		BBE16EE91AD7AC8B000B150D /* PBXTargetDependency */ = {
			isa = PBXTargetDependency;
			target = BBE16ECD1AD7AC8B000B150D /* JXOnlineSchool */;
			targetProxy = BBE16EE81AD7AC8B000B150D /* PBXContainerItemProxy */;
		};
/* End PBXTargetDependency section */

/* Begin XCBuildConfiguration section */
		BBE16EEF1AD7AC8B000B150D /* Debug */ = {
			isa = XCBuildConfiguration;
			buildSettings = {
				ALWAYS_SEARCH_USER_PATHS = NO;
				CLANG_CXX_LANGUAGE_STANDARD = "gnu++0x";
				CLANG_CXX_LIBRARY = "libc++";
				CLANG_ENABLE_MODULES = YES;
				CLANG_ENABLE_OBJC_ARC = YES;
				CLANG_WARN_BOOL_CONVERSION = YES;
				CLANG_WARN_CONSTANT_CONVERSION = YES;
				CLANG_WARN_DIRECT_OBJC_ISA_USAGE = YES_ERROR;
				CLANG_WARN_EMPTY_BODY = YES;
				CLANG_WARN_ENUM_CONVERSION = YES;
				CLANG_WARN_INT_CONVERSION = YES;
				CLANG_WARN_OBJC_ROOT_CLASS = YES_ERROR;
				CLANG_WARN_UNREACHABLE_CODE = YES;
				CLANG_WARN__DUPLICATE_METHOD_MATCH = YES;
				"CODE_SIGN_IDENTITY[sdk=iphoneos*]" = "iPhone Developer";
				COPY_PHASE_STRIP = NO;
				DEBUG_INFORMATION_FORMAT = "dwarf-with-dsym";
				ENABLE_STRICT_OBJC_MSGSEND = YES;
				GCC_C_LANGUAGE_STANDARD = gnu99;
				GCC_DYNAMIC_NO_PIC = NO;
				GCC_NO_COMMON_BLOCKS = YES;
				GCC_OPTIMIZATION_LEVEL = 0;
				GCC_PREPROCESSOR_DEFINITIONS = (
					"DEBUG=1",
					"$(inherited)",
				);
				GCC_SYMBOLS_PRIVATE_EXTERN = NO;
				GCC_WARN_64_TO_32_BIT_CONVERSION = YES;
				GCC_WARN_ABOUT_RETURN_TYPE = YES_ERROR;
				GCC_WARN_UNDECLARED_SELECTOR = YES;
				GCC_WARN_UNINITIALIZED_AUTOS = YES_AGGRESSIVE;
				GCC_WARN_UNUSED_FUNCTION = YES;
				GCC_WARN_UNUSED_VARIABLE = YES;
				IPHONEOS_DEPLOYMENT_TARGET = 8.3;
				MTL_ENABLE_DEBUG_INFO = YES;
				ONLY_ACTIVE_ARCH = YES;
				SDKROOT = iphoneos;
			};
			name = Debug;
		};
		BBE16EF01AD7AC8B000B150D /* Release */ = {
			isa = XCBuildConfiguration;
			buildSettings = {
				ALWAYS_SEARCH_USER_PATHS = NO;
				CLANG_CXX_LANGUAGE_STANDARD = "gnu++0x";
				CLANG_CXX_LIBRARY = "libc++";
				CLANG_ENABLE_MODULES = YES;
				CLANG_ENABLE_OBJC_ARC = YES;
				CLANG_WARN_BOOL_CONVERSION = YES;
				CLANG_WARN_CONSTANT_CONVERSION = YES;
				CLANG_WARN_DIRECT_OBJC_ISA_USAGE = YES_ERROR;
				CLANG_WARN_EMPTY_BODY = YES;
				CLANG_WARN_ENUM_CONVERSION = YES;
				CLANG_WARN_INT_CONVERSION = YES;
				CLANG_WARN_OBJC_ROOT_CLASS = YES_ERROR;
				CLANG_WARN_UNREACHABLE_CODE = YES;
				CLANG_WARN__DUPLICATE_METHOD_MATCH = YES;
				"CODE_SIGN_IDENTITY[sdk=iphoneos*]" = "iPhone Developer";
				COPY_PHASE_STRIP = NO;
				DEBUG_INFORMATION_FORMAT = "dwarf-with-dsym";
				ENABLE_NS_ASSERTIONS = NO;
				ENABLE_STRICT_OBJC_MSGSEND = YES;
				GCC_C_LANGUAGE_STANDARD = gnu99;
				GCC_NO_COMMON_BLOCKS = YES;
				GCC_WARN_64_TO_32_BIT_CONVERSION = YES;
				GCC_WARN_ABOUT_RETURN_TYPE = YES_ERROR;
				GCC_WARN_UNDECLARED_SELECTOR = YES;
				GCC_WARN_UNINITIALIZED_AUTOS = YES_AGGRESSIVE;
				GCC_WARN_UNUSED_FUNCTION = YES;
				GCC_WARN_UNUSED_VARIABLE = YES;
				IPHONEOS_DEPLOYMENT_TARGET = 8.3;
				MTL_ENABLE_DEBUG_INFO = NO;
				SDKROOT = iphoneos;
				VALIDATE_PRODUCT = YES;
			};
			name = Release;
		};
		BBE16EF21AD7AC8B000B150D /* Debug */ = {
			isa = XCBuildConfiguration;
			buildSettings = {
				ASSETCATALOG_COMPILER_APPICON_NAME = AppIcon;
				ASSETCATALOG_COMPILER_LAUNCHIMAGE_NAME = LaunchImage;
				CODE_SIGN_IDENTITY = "iPhone Developer: xi min (XB4PE2625N)";
				INFOPLIST_FILE = JXOnlineSchool/Info.plist;
				IPHONEOS_DEPLOYMENT_TARGET = 7.0;
				LD_RUNPATH_SEARCH_PATHS = "$(inherited) @executable_path/Frameworks";
				PRODUCT_NAME = "$(TARGET_NAME)";
			};
			name = Debug;
		};
		BBE16EF31AD7AC8B000B150D /* Release */ = {
			isa = XCBuildConfiguration;
			buildSettings = {
				ASSETCATALOG_COMPILER_APPICON_NAME = AppIcon;
				ASSETCATALOG_COMPILER_LAUNCHIMAGE_NAME = LaunchImage;
				CODE_SIGN_IDENTITY = "iPhone Developer: xi min (XB4PE2625N)";
				INFOPLIST_FILE = JXOnlineSchool/Info.plist;
				IPHONEOS_DEPLOYMENT_TARGET = 7.0;
				LD_RUNPATH_SEARCH_PATHS = "$(inherited) @executable_path/Frameworks";
				PRODUCT_NAME = "$(TARGET_NAME)";
			};
			name = Release;
		};
		BBE16EF51AD7AC8B000B150D /* Debug */ = {
			isa = XCBuildConfiguration;
			buildSettings = {
				BUNDLE_LOADER = "$(TEST_HOST)";
				FRAMEWORK_SEARCH_PATHS = (
					"$(SDKROOT)/Developer/Library/Frameworks",
					"$(inherited)",
				);
				GCC_PREPROCESSOR_DEFINITIONS = (
					"DEBUG=1",
					"$(inherited)",
				);
				INFOPLIST_FILE = JXOnlineSchoolTests/Info.plist;
				LD_RUNPATH_SEARCH_PATHS = "$(inherited) @executable_path/Frameworks @loader_path/Frameworks";
				PRODUCT_NAME = "$(TARGET_NAME)";
				TEST_HOST = "$(BUILT_PRODUCTS_DIR)/JXOnlineSchool.app/JXOnlineSchool";
			};
			name = Debug;
		};
		BBE16EF61AD7AC8B000B150D /* Release */ = {
			isa = XCBuildConfiguration;
			buildSettings = {
				BUNDLE_LOADER = "$(TEST_HOST)";
				FRAMEWORK_SEARCH_PATHS = (
					"$(SDKROOT)/Developer/Library/Frameworks",
					"$(inherited)",
				);
				INFOPLIST_FILE = JXOnlineSchoolTests/Info.plist;
				LD_RUNPATH_SEARCH_PATHS = "$(inherited) @executable_path/Frameworks @loader_path/Frameworks";
				PRODUCT_NAME = "$(TARGET_NAME)";
				TEST_HOST = "$(BUILT_PRODUCTS_DIR)/JXOnlineSchool.app/JXOnlineSchool";
			};
			name = Release;
		};
/* End XCBuildConfiguration section */

/* Begin XCConfigurationList section */
		BBE16EC91AD7AC8B000B150D /* Build configuration list for PBXProject "JXOnlineSchool" */ = {
			isa = XCConfigurationList;
			buildConfigurations = (
				BBE16EEF1AD7AC8B000B150D /* Debug */,
				BBE16EF01AD7AC8B000B150D /* Release */,
			);
			defaultConfigurationIsVisible = 0;
			defaultConfigurationName = Release;
		};
		BBE16EF11AD7AC8B000B150D /* Build configuration list for PBXNativeTarget "JXOnlineSchool" */ = {
			isa = XCConfigurationList;
			buildConfigurations = (
				BBE16EF21AD7AC8B000B150D /* Debug */,
				BBE16EF31AD7AC8B000B150D /* Release */,
			);
			defaultConfigurationIsVisible = 0;
			defaultConfigurationName = Release;
		};
		BBE16EF41AD7AC8B000B150D /* Build configuration list for PBXNativeTarget "JXOnlineSchoolTests" */ = {
			isa = XCConfigurationList;
			buildConfigurations = (
				BBE16EF51AD7AC8B000B150D /* Debug */,
				BBE16EF61AD7AC8B000B150D /* Release */,
			);
			defaultConfigurationIsVisible = 0;
			defaultConfigurationName = Release;
		};
/* End XCConfigurationList section */
	};
	rootObject = BBE16EC61AD7AC8B000B150D /* Project object */;
}
